
Microsoft Visual Studio Solution File, Format Version 12.00
# Visual Studio 2012
Project("{FAE04EC0-301F-11D3-BF4B-00C04F79EFBC}") = "APP1_Client", "APP1_Client\APP1_Client.csproj", "{A7968E09-E997-43AE-9E76-3D4E9A83989D}"
EndProject
Global
	GlobalSection(SolutionConfigurationPlatforms) = preSolution
		Debug|Any CPU = Debug|Any CPU
		Release|Any CPU = Release|Any CPU
	EndGlobalSection
	GlobalSection(ProjectConfigurationPlatforms) = postSolution
		{A7968E09-E997-43AE-9E76-3D4E9A83989D}.Debug|Any CPU.ActiveCfg = Debug|Any CPU
		{A7968E09-E997-43AE-9E76-3D4E9A83989D}.Debug|Any CPU.Build.0 = Debug|Any CPU
		{A7968E09-E997-43AE-9E76-3D4E9A83989D}.Release|Any CPU.ActiveCfg = Release|Any CPU
		{A7968E09-E997-43AE-9E76-3D4E9A83989D}.Release|Any CPU.Build.0 = Release|Any CPU
	EndGlobalSection
EndGlobal
